Microsoft Visual Studio Solution File, Format Version 12.00
# Visual Studio Version 17
VisualStudioVersion = 17.5.2.0
MinimumVisualStudioVersion = 10.0.40219.1
Project("{FAE04EC0-301F-11D3-BF4B-00C04F79EFBC}") = "Poliview.crm.service.email", "Poliview.crm.service.email.csproj", "{AFCE2543-F2D1-1D51-00CE-2CD53ECF7C40}"
EndProject
Global
	GlobalSection(SolutionConfigurationPlatforms) = preSolution
		Debug|Any CPU = Debug|Any CPU
		Release|Any CPU = Release|Any CPU
	EndGlobalSection
	GlobalSection(ProjectConfigurationPlatforms) = postSolution
		{AFCE2543-F2D1-1D51-00CE-2CD53ECF7C40}.Debug|Any CPU.ActiveCfg = Debug|Any CPU
		{AFCE2543-F2D1-1D51-00CE-2CD53ECF7C40}.Debug|Any CPU.Build.0 = Debug|Any CPU
		{AFCE2543-F2D1-1D51-00CE-2CD53ECF7C40}.Release|Any CPU.ActiveCfg = Release|Any CPU
		{AFCE2543-F2D1-1D51-00CE-2CD53ECF7C40}.Release|Any CPU.Build.0 = Release|Any CPU
	EndGlobalSection
	GlobalSection(SolutionProperties) = preSolution
		HideSolutionNode = FALSE
	EndGlobalSection
	GlobalSection(ExtensibilityGlobals) = postSolution
		SolutionGuid = {E66CFA04-1C46-4EBC-9F47-1AEA49B3D9C4}
	EndGlobalSection
EndGlobal
