
Microsoft Visual Studio Solution File, Format Version 12.00
# Visual Studio Version 17
VisualStudioVersion = 17.1.32228.430
MinimumVisualStudioVersion = 10.0.40219.1
Project("{9A19103F-16F7-4668-BE54-9A1E7A4F7556}") = "Poliview.crm.espacocliente", "Poliview.crm.espacocliente\Poliview.crm.espacocliente.csproj", "{622D1019-361B-40E2-A080-C8313A4851F6}"
EndProject
Project("{9A19103F-16F7-4668-BE54-9A1E7A4F7556}") = "Poliview.crm.api", "Poliview.crm.api\Poliview.crm.api.csproj", "{2B690B91-3222-4119-A3B2-BD24B5B4BD75}"
EndProject
Project("{9A19103F-16F7-4668-BE54-9A1E7A4F7556}") = "Poliview.crm.mobuss.api", "Poliview.crm.mobuss.api\Poliview.crm.mobuss.api.csproj", "{A3923158-16CF-49F0-BAB3-74F421BD1D9D}"
EndProject
Project("{9A19103F-16F7-4668-BE54-9A1E7A4F7556}") = "Poliview.crm.domain", "Poliview.crm.domain\Poliview.crm.domain.csproj", "{686E21E3-1B75-4877-B9C0-183B31132FBD}"
EndProject
Project("{9A19103F-16F7-4668-BE54-9A1E7A4F7556}") = "Poliview.crm.models", "Poliview.crm.models\Poliview.crm.models.csproj", "{69792730-AA72-47D5-8D16-28D34C28BC53}"
EndProject
Project("{9A19103F-16F7-4668-BE54-9A1E7A4F7556}") = "Poliview.crm.infra", "Poliview.crm.infra\Poliview.crm.infra.csproj", "{10EB1BC3-63B9-4639-B13B-43AAE5A86FB9}"
EndProject
Project("{9A19103F-16F7-4668-BE54-9A1E7A4F7556}") = "Poliview.crm.http.service", "Poliview.crm.http.service\Poliview.crm.http.service.csproj", "{B89D5F00-7C5B-4868-BF3E-2E38F6AF44A9}"
EndProject
Project("{9A19103F-16F7-4668-BE54-9A1E7A4F7556}") = "Poliview.crm.service.email", "poliview.crm.service.email\Poliview.crm.service.email.csproj", "{CC9C6419-551B-4248-B1DA-4FD1777C9273}"
EndProject
Project("{9A19103F-16F7-4668-BE54-9A1E7A4F7556}") = "Poliview.crm.mobuss.integracao", "Poliview.crm.mobuss.integracao\Poliview.crm.mobuss.integracao.csproj", "{9D82C21F-E1B4-47B0-97F1-99D03EEEC189}"
EndProject
Project("{9A19103F-16F7-4668-BE54-9A1E7A4F7556}") = "Poliview.crm.services", "Poliview.crm.services\Poliview.crm.services.csproj", "{A206EF4E-0F5D-4E1D-9751-216D2BD7A76A}"
EndProject
Project("{9A19103F-16F7-4668-BE54-9A1E7A4F7556}") = "poliview.crm.instalador", "poliview.crm.instalador\poliview.crm.instalador.csproj", "{5A6A5F65-FA71-4277-BFC1-3BACCC62329F}"
EndProject
Project("{9A19103F-16F7-4668-BE54-9A1E7A4F7556}") = "poliview.crm.sla", "poliview.crm.sla\poliview.crm.sla.csproj", "{B4532954-773F-4247-BD0F-8C54FABA7B14}"
EndProject
Project("{9A19103F-16F7-4668-BE54-9A1E7A4F7556}") = "poliview.crm.validarbases", "poliview.crm.validarbases\poliview.crm.validarbases.csproj", "{57F075FE-544E-497E-B953-D9F24E4D2621}"
EndProject
Project("{9A19103F-16F7-4668-BE54-9A1E7A4F7556}") = "Poliview.crm.integracao", "Poliview.crm.integracao\Poliview.crm.integracao.csproj", "{3FDE2744-2F51-4001-BDF2-54F5E65DA9E8}"
EndProject
Project("{9A19103F-16F7-4668-BE54-9A1E7A4F7556}") = "Poliview.crm.monitor.service", "Poliview.crm.monitor.service\Poliview.crm.monitor.service.csproj", "{8B80FCA7-9FE7-44F6-BA59-62C592D8C80D}"
EndProject
Project("{9A19103F-16F7-4668-BE54-9A1E7A4F7556}") = "Poliview.crm.repositorios", "Poliview.crm.repositorios\Poliview.crm.repositorios.csproj", "{2E55B1B2-6911-4E0E-8C58-CC8D22C87143}"
EndProject
Project("{9A19103F-16F7-4668-BE54-9A1E7A4F7556}") = "poliview.crm.email", "poliview.crm.email\poliview.crm.email.csproj", "{67758AAE-299C-40C4-882C-61B64099E5E3}"
EndProject
Project("{2150E333-8FDC-42A3-9474-1A3956D46DE8}") = "Itens de Solução", "Itens de Solução", "{380A7511-A354-6D7A-0CC0-8FA1F1BA7B6C}"
	ProjectSection(SolutionItems) = preProject
		Directory.Packages.props = Directory.Packages.props
		versao.txt = versao.txt
	EndProjectSection
EndProject
Project("{FAE04EC0-301F-11D3-BF4B-00C04F79EFBC}") = "Poliview.crm.servicos", "Poliview.crm.servicos\Poliview.crm.servicos.csproj", "{10812617-B190-43B6-B8F8-2F5C23BA2D49}"
EndProject
Project("{FAE04EC0-301F-11D3-BF4B-00C04F79EFBC}") = "Poliview.crm", "Poliview.crm\Poliview.crm.csproj", "{FF8FC6D2-AF47-0C3E-448B-CF3F4C2EF786}"
EndProject
Global
	GlobalSection(SolutionConfigurationPlatforms) = preSolution
		Debug|Any CPU = Debug|Any CPU
		Release|Any CPU = Release|Any CPU
	EndGlobalSection
	GlobalSection(ProjectConfigurationPlatforms) = postSolution
		{622D1019-361B-40E2-A080-C8313A4851F6}.Debug|Any CPU.ActiveCfg = Debug|Any CPU
		{622D1019-361B-40E2-A080-C8313A4851F6}.Debug|Any CPU.Build.0 = Debug|Any CPU
		{622D1019-361B-40E2-A080-C8313A4851F6}.Release|Any CPU.ActiveCfg = Release|Any CPU
		{622D1019-361B-40E2-A080-C8313A4851F6}.Release|Any CPU.Build.0 = Release|Any CPU
		{2B690B91-3222-4119-A3B2-BD24B5B4BD75}.Debug|Any CPU.ActiveCfg = Debug|Any CPU
		{2B690B91-3222-4119-A3B2-BD24B5B4BD75}.Debug|Any CPU.Build.0 = Debug|Any CPU
		{2B690B91-3222-4119-A3B2-BD24B5B4BD75}.Release|Any CPU.ActiveCfg = Release|Any CPU
		{2B690B91-3222-4119-A3B2-BD24B5B4BD75}.Release|Any CPU.Build.0 = Release|Any CPU
		{A3923158-16CF-49F0-BAB3-74F421BD1D9D}.Debug|Any CPU.ActiveCfg = Debug|Any CPU
		{A3923158-16CF-49F0-BAB3-74F421BD1D9D}.Debug|Any CPU.Build.0 = Debug|Any CPU
		{A3923158-16CF-49F0-BAB3-74F421BD1D9D}.Release|Any CPU.ActiveCfg = Release|Any CPU
		{A3923158-16CF-49F0-BAB3-74F421BD1D9D}.Release|Any CPU.Build.0 = Release|Any CPU
		{686E21E3-1B75-4877-B9C0-183B31132FBD}.Debug|Any CPU.ActiveCfg = Debug|Any CPU
		{686E21E3-1B75-4877-B9C0-183B31132FBD}.Debug|Any CPU.Build.0 = Debug|Any CPU
		{686E21E3-1B75-4877-B9C0-183B31132FBD}.Release|Any CPU.ActiveCfg = Release|Any CPU
		{686E21E3-1B75-4877-B9C0-183B31132FBD}.Release|Any CPU.Build.0 = Release|Any CPU
		{69792730-AA72-47D5-8D16-28D34C28BC53}.Debug|Any CPU.ActiveCfg = Debug|Any CPU
		{69792730-AA72-47D5-8D16-28D34C28BC53}.Debug|Any CPU.Build.0 = Debug|Any CPU
		{69792730-AA72-47D5-8D16-28D34C28BC53}.Release|Any CPU.ActiveCfg = Release|Any CPU
		{69792730-AA72-47D5-8D16-28D34C28BC53}.Release|Any CPU.Build.0 = Release|Any CPU
		{10EB1BC3-63B9-4639-B13B-43AAE5A86FB9}.Debug|Any CPU.ActiveCfg = Debug|Any CPU
		{10EB1BC3-63B9-4639-B13B-43AAE5A86FB9}.Debug|Any CPU.Build.0 = Debug|Any CPU
		{10EB1BC3-63B9-4639-B13B-43AAE5A86FB9}.Release|Any CPU.ActiveCfg = Release|Any CPU
		{10EB1BC3-63B9-4639-B13B-43AAE5A86FB9}.Release|Any CPU.Build.0 = Release|Any CPU
		{B89D5F00-7C5B-4868-BF3E-2E38F6AF44A9}.Debug|Any CPU.ActiveCfg = Debug|Any CPU
		{B89D5F00-7C5B-4868-BF3E-2E38F6AF44A9}.Debug|Any CPU.Build.0 = Debug|Any CPU
		{B89D5F00-7C5B-4868-BF3E-2E38F6AF44A9}.Release|Any CPU.ActiveCfg = Release|Any CPU
		{B89D5F00-7C5B-4868-BF3E-2E38F6AF44A9}.Release|Any CPU.Build.0 = Release|Any CPU
		{CC9C6419-551B-4248-B1DA-4FD1777C9273}.Debug|Any CPU.ActiveCfg = Debug|Any CPU
		{CC9C6419-551B-4248-B1DA-4FD1777C9273}.Debug|Any CPU.Build.0 = Debug|Any CPU
		{CC9C6419-551B-4248-B1DA-4FD1777C9273}.Release|Any CPU.ActiveCfg = Release|Any CPU
		{CC9C6419-551B-4248-B1DA-4FD1777C9273}.Release|Any CPU.Build.0 = Release|Any CPU
		{9D82C21F-E1B4-47B0-97F1-99D03EEEC189}.Debug|Any CPU.ActiveCfg = Debug|Any CPU
		{9D82C21F-E1B4-47B0-97F1-99D03EEEC189}.Debug|Any CPU.Build.0 = Debug|Any CPU
		{9D82C21F-E1B4-47B0-97F1-99D03EEEC189}.Release|Any CPU.ActiveCfg = Release|Any CPU
		{9D82C21F-E1B4-47B0-97F1-99D03EEEC189}.Release|Any CPU.Build.0 = Release|Any CPU
		{A206EF4E-0F5D-4E1D-9751-216D2BD7A76A}.Debug|Any CPU.ActiveCfg = Debug|Any CPU
		{A206EF4E-0F5D-4E1D-9751-216D2BD7A76A}.Debug|Any CPU.Build.0 = Debug|Any CPU
		{A206EF4E-0F5D-4E1D-9751-216D2BD7A76A}.Release|Any CPU.ActiveCfg = Release|Any CPU
		{A206EF4E-0F5D-4E1D-9751-216D2BD7A76A}.Release|Any CPU.Build.0 = Release|Any CPU
		{5A6A5F65-FA71-4277-BFC1-3BACCC62329F}.Debug|Any CPU.ActiveCfg = Debug|Any CPU
		{5A6A5F65-FA71-4277-BFC1-3BACCC62329F}.Debug|Any CPU.Build.0 = Debug|Any CPU
		{5A6A5F65-FA71-4277-BFC1-3BACCC62329F}.Release|Any CPU.ActiveCfg = Release|Any CPU
		{5A6A5F65-FA71-4277-BFC1-3BACCC62329F}.Release|Any CPU.Build.0 = Release|Any CPU
		{B4532954-773F-4247-BD0F-8C54FABA7B14}.Debug|Any CPU.ActiveCfg = Debug|Any CPU
		{B4532954-773F-4247-BD0F-8C54FABA7B14}.Debug|Any CPU.Build.0 = Debug|Any CPU
		{B4532954-773F-4247-BD0F-8C54FABA7B14}.Release|Any CPU.ActiveCfg = Release|Any CPU
		{B4532954-773F-4247-BD0F-8C54FABA7B14}.Release|Any CPU.Build.0 = Release|Any CPU
		{57F075FE-544E-497E-B953-D9F24E4D2621}.Debug|Any CPU.ActiveCfg = Debug|Any CPU
		{57F075FE-544E-497E-B953-D9F24E4D2621}.Debug|Any CPU.Build.0 = Debug|Any CPU
		{57F075FE-544E-497E-B953-D9F24E4D2621}.Release|Any CPU.ActiveCfg = Release|Any CPU
		{57F075FE-544E-497E-B953-D9F24E4D2621}.Release|Any CPU.Build.0 = Release|Any CPU
		{3FDE2744-2F51-4001-BDF2-54F5E65DA9E8}.Debug|Any CPU.ActiveCfg = Debug|Any CPU
		{3FDE2744-2F51-4001-BDF2-54F5E65DA9E8}.Debug|Any CPU.Build.0 = Debug|Any CPU
		{3FDE2744-2F51-4001-BDF2-54F5E65DA9E8}.Release|Any CPU.ActiveCfg = Release|Any CPU
		{3FDE2744-2F51-4001-BDF2-54F5E65DA9E8}.Release|Any CPU.Build.0 = Release|Any CPU
		{8B80FCA7-9FE7-44F6-BA59-62C592D8C80D}.Debug|Any CPU.ActiveCfg = Debug|Any CPU
		{8B80FCA7-9FE7-44F6-BA59-62C592D8C80D}.Debug|Any CPU.Build.0 = Debug|Any CPU
		{8B80FCA7-9FE7-44F6-BA59-62C592D8C80D}.Release|Any CPU.ActiveCfg = Release|Any CPU
		{8B80FCA7-9FE7-44F6-BA59-62C592D8C80D}.Release|Any CPU.Build.0 = Release|Any CPU
		{2E55B1B2-6911-4E0E-8C58-CC8D22C87143}.Debug|Any CPU.ActiveCfg = Debug|Any CPU
		{2E55B1B2-6911-4E0E-8C58-CC8D22C87143}.Debug|Any CPU.Build.0 = Debug|Any CPU
		{2E55B1B2-6911-4E0E-8C58-CC8D22C87143}.Release|Any CPU.ActiveCfg = Release|Any CPU
		{2E55B1B2-6911-4E0E-8C58-CC8D22C87143}.Release|Any CPU.Build.0 = Release|Any CPU
		{67758AAE-299C-40C4-882C-61B64099E5E3}.Debug|Any CPU.ActiveCfg = Debug|Any CPU
		{67758AAE-299C-40C4-882C-61B64099E5E3}.Debug|Any CPU.Build.0 = Debug|Any CPU
		{67758AAE-299C-40C4-882C-61B64099E5E3}.Release|Any CPU.ActiveCfg = Release|Any CPU
		{67758AAE-299C-40C4-882C-61B64099E5E3}.Release|Any CPU.Build.0 = Release|Any CPU
		{10812617-B190-43B6-B8F8-2F5C23BA2D49}.Debug|Any CPU.ActiveCfg = Debug|Any CPU
		{10812617-B190-43B6-B8F8-2F5C23BA2D49}.Debug|Any CPU.Build.0 = Debug|Any CPU
		{10812617-B190-43B6-B8F8-2F5C23BA2D49}.Release|Any CPU.ActiveCfg = Release|Any CPU
		{10812617-B190-43B6-B8F8-2F5C23BA2D49}.Release|Any CPU.Build.0 = Release|Any CPU
		{FF8FC6D2-AF47-0C3E-448B-CF3F4C2EF786}.Debug|Any CPU.ActiveCfg = Debug|Any CPU
		{FF8FC6D2-AF47-0C3E-448B-CF3F4C2EF786}.Debug|Any CPU.Build.0 = Debug|Any CPU
		{FF8FC6D2-AF47-0C3E-448B-CF3F4C2EF786}.Release|Any CPU.ActiveCfg = Release|Any CPU
		{FF8FC6D2-AF47-0C3E-448B-CF3F4C2EF786}.Release|Any CPU.Build.0 = Release|Any CPU
	EndGlobalSection
	GlobalSection(SolutionProperties) = preSolution
		HideSolutionNode = FALSE
	EndGlobalSection
	GlobalSection(ExtensibilityGlobals) = postSolution
		SolutionGuid = {6EC94225-117D-4536-8BCE-FD217BAA71B8}
	EndGlobalSection
EndGlobal
